
Microsoft Visual Studio Solution File, Format Version 12.00
# Visual Studio Version 17
VisualStudioVersion = 17.4.33403.182
MinimumVisualStudioVersion = 10.0.40219.1
Project("{FAE04EC0-301F-11D3-BF4B-00C04F79EFBC}") = "MVCProjectCamp", "MVCProjectCamp\MVCProjectCamp.csproj", "{28A937B7-A9E6-4075-9885-333714E16DAA}"
EndProject
Project("{FAE04EC0-301F-11D3-BF4B-00C04F79EFBC}") = "BusinessLayer", "BusinessLayer\BusinessLayer.csproj", "{44343C1F-7814-4BA8-BB8C-F17A8AA7C84E}"
EndProject
Project("{FAE04EC0-301F-11D3-BF4B-00C04F79EFBC}") = "DataLayerAccess", "DataLayerAccess\DataLayerAccess.csproj", "{663036F6-CB77-4C08-BC06-9FF6BC4138F3}"
EndProject
Project("{FAE04EC0-301F-11D3-BF4B-00C04F79EFBC}") = "EntityLayer", "EntityLayer\EntityLayer.csproj", "{BE7A28D7-9131-41B6-B73D-595A03498E63}"
EndProject
Global
	GlobalSection(SolutionConfigurationPlatforms) = preSolution
		Debug|Any CPU = Debug|Any CPU
		Release|Any CPU = Release|Any CPU
	EndGlobalSection
	GlobalSection(ProjectConfigurationPlatforms) = postSolution
		{28A937B7-A9E6-4075-9885-333714E16DAA}.Debug|Any CPU.ActiveCfg = Debug|Any CPU
		{28A937B7-A9E6-4075-9885-333714E16DAA}.Debug|Any CPU.Build.0 = Debug|Any CPU
		{28A937B7-A9E6-4075-9885-333714E16DAA}.Release|Any CPU.ActiveCfg = Release|Any CPU
		{28A937B7-A9E6-4075-9885-333714E16DAA}.Release|Any CPU.Build.0 = Release|Any CPU
		{44343C1F-7814-4BA8-BB8C-F17A8AA7C84E}.Debug|Any CPU.ActiveCfg = Debug|Any CPU
		{44343C1F-7814-4BA8-BB8C-F17A8AA7C84E}.Debug|Any CPU.Build.0 = Debug|Any CPU
		{44343C1F-7814-4BA8-BB8C-F17A8AA7C84E}.Release|Any CPU.ActiveCfg = Release|Any CPU
		{44343C1F-7814-4BA8-BB8C-F17A8AA7C84E}.Release|Any CPU.Build.0 = Release|Any CPU
		{663036F6-CB77-4C08-BC06-9FF6BC4138F3}.Debug|Any CPU.ActiveCfg = Debug|Any CPU
		{663036F6-CB77-4C08-BC06-9FF6BC4138F3}.Debug|Any CPU.Build.0 = Debug|Any CPU
		{663036F6-CB77-4C08-BC06-9FF6BC4138F3}.Release|Any CPU.ActiveCfg = Release|Any CPU
		{663036F6-CB77-4C08-BC06-9FF6BC4138F3}.Release|Any CPU.Build.0 = Release|Any CPU
		{BE7A28D7-9131-41B6-B73D-595A03498E63}.Debug|Any CPU.ActiveCfg = Debug|Any CPU
		{BE7A28D7-9131-41B6-B73D-595A03498E63}.Debug|Any CPU.Build.0 = Debug|Any CPU
		{BE7A28D7-9131-41B6-B73D-595A03498E63}.Release|Any CPU.ActiveCfg = Release|Any CPU
		{BE7A28D7-9131-41B6-B73D-595A03498E63}.Release|Any CPU.Build.0 = Release|Any CPU
	EndGlobalSection
	GlobalSection(SolutionProperties) = preSolution
		HideSolutionNode = FALSE
	EndGlobalSection
	GlobalSection(ExtensibilityGlobals) = postSolution
		SolutionGuid = {2D2A61E6-E290-44D8-8FF0-CD26648C7C45}
	EndGlobalSection
EndGlobal
